PODS:
  - Alamofire (4.7.2)
  - HandyJSON (4.1.1)
  - Masonry (1.1.0)
  - MBProgressHUD (1.0.0)
  - MJRefresh (3.1.15.3)
  - SDWebImage (3.8.2):
    - SDWebImage/Core (= 3.8.2)
  - SDWebImage/Core (3.8.2)
  - YYKit (1.0.9):
    - YYKit/no-arc (= 1.0.9)
  - YYKit/no-arc (1.0.9)

DEPENDENCIES:
  - Alamofire
  - HandyJSON
  - Masonry
  - MBProgressHUD (~> 1.0.0)
  - MJRefresh
  - SDWebImage (~> 3.8)
  - YYKit

SPEC REPOS:
  https://github.com/cocoapods/specs.git:
    - Alamofire
    - HandyJSON
    - Masonry
    - MBProgressHUD
    - MJRefresh
    - SDWebImage
    - YYKit

SPEC CHECKSUMS:
  Alamofire: e4fa87002c137ba2d8d634d2c51fabcda0d5c223
  HandyJSON: 3a3de917c4118767ffe41c29b5acba23409649f4
  Masonry: 678fab65091a9290e40e2832a55e7ab731aad201
  MBProgressHUD: 4890f671c94e8a0f3cf959aa731e9de2f036d71a
  MJRefresh: b48380ae2b927b46c4ef000de9adb8dc748e1df7
  SDWebImage: 098e97e6176540799c27e804c96653ee0833d13c
  YYKit: 7cda43304a8dc3696c449041e2cb3107b4e236e7

PODFILE CHECKSUM: 29556b3594f3b0872a1c0fab125147ea50630b50

COCOAPODS: 1.5.3
