// !$*UTF8*$!
{
	archiveVersion = 1;
	classes = {
	};
	objectVersion = 50;
	objects = {

/* Begin PBXBuildFile section */
		2743C05FE3B3C18903ACC92B /* Pods_LYCNewsTests.framework in Frameworks */ = {isa = PBXBuildFile; fileRef = 5962F08DD0107D816CDAF010 /* Pods_LYCNewsTests.framework */; };
		52656DC420CA24B700A3B840 /* LYBaseNavigationController.swift in Sources */ = {isa = PBXBuildFile; fileRef = 52656DC320CA24B700A3B840 /* LYBaseNavigationController.swift */; };
		52656DC820CA267C00A3B840 /* HomeStoryboard.storyboard in Resources */ = {isa = PBXBuildFile; fileRef = 52656DC720CA267C00A3B840 /* HomeStoryboard.storyboard */; };
		52656DCA20CA26A300A3B840 /* HomeNavigationController.swift in Sources */ = {isa = PBXBuildFile; fileRef = 52656DC920CA26A300A3B840 /* HomeNavigationController.swift */; };
		52656DCC20CA27EF00A3B840 /* EventNavigationViewController.swift in Sources */ = {isa = PBXBuildFile; fileRef = 52656DCB20CA27EF00A3B840 /* EventNavigationViewController.swift */; };
		52656DCE20CA27F900A3B840 /* EventStoryboard.storyboard in Resources */ = {isa = PBXBuildFile; fileRef = 52656DCD20CA27F900A3B840 /* EventStoryboard.storyboard */; };
		52656DD020CA284A00A3B840 /* ProfileNavigationController.swift in Sources */ = {isa = PBXBuildFile; fileRef = 52656DCF20CA284A00A3B840 /* ProfileNavigationController.swift */; };
		52656DD220CA285800A3B840 /* ProfileStoryboard.storyboard in Resources */ = {isa = PBXBuildFile; fileRef = 52656DD120CA285800A3B840 /* ProfileStoryboard.storyboard */; };
		52656DD420CA461900A3B840 /* LYBaseCollectionView.swift in Sources */ = {isa = PBXBuildFile; fileRef = 52656DD320CA461900A3B840 /* LYBaseCollectionView.swift */; };
		52656DD720CA469600A3B840 /* DZMSegmentedControl.swift in Sources */ = {isa = PBXBuildFile; fileRef = 52656DD620CA469600A3B840 /* DZMSegmentedControl.swift */; };
		52656DDA20CA479900A3B840 /* HomeCollectionView.swift in Sources */ = {isa = PBXBuildFile; fileRef = 52656DD920CA479900A3B840 /* HomeCollectionView.swift */; };
		52656DDD20CA505600A3B840 /* HomeViewModel.swift in Sources */ = {isa = PBXBuildFile; fileRef = 52656DDC20CA505600A3B840 /* HomeViewModel.swift */; };
		52656DE920CA564F00A3B840 /* LYBaseViewModel.swift in Sources */ = {isa = PBXBuildFile; fileRef = 52656DE820CA564F00A3B840 /* LYBaseViewModel.swift */; };
		52656DEC20CA5A5A00A3B840 /* HomeNewsModel.swift in Sources */ = {isa = PBXBuildFile; fileRef = 52656DEB20CA5A5A00A3B840 /* HomeNewsModel.swift */; };
		52656DEE20CA6A6600A3B840 /* LYRequest.swift in Sources */ = {isa = PBXBuildFile; fileRef = 52656DED20CA6A6600A3B840 /* LYRequest.swift */; };
		52656DF020CA751E00A3B840 /* HomeCollectionViewCell.swift in Sources */ = {isa = PBXBuildFile; fileRef = 52656DEF20CA751E00A3B840 /* HomeCollectionViewCell.swift */; };
		52656DF220CA78FA00A3B840 /* HomeTableView.swift in Sources */ = {isa = PBXBuildFile; fileRef = 52656DF120CA78FA00A3B840 /* HomeTableView.swift */; };
		52656DF420CA791300A3B840 /* HomeTableViewCell.swift in Sources */ = {isa = PBXBuildFile; fileRef = 52656DF320CA791300A3B840 /* HomeTableViewCell.swift */; };
		83F492CF18E95C60BC0CBB91 /* Pods_LYCNews.framework in Frameworks */ = {isa = PBXBuildFile; fileRef = 9EB1E03C008D8CAE62DF8083 /* Pods_LYCNews.framework */; };
		BA8107BC20CA13FF004B26D9 /* AppDelegate.swift in Sources */ = {isa = PBXBuildFile; fileRef = BA8107BB20CA13FF004B26D9 /* AppDelegate.swift */; };
		BA8107C320CA13FF004B26D9 /* Main.storyboard in Resources */ = {isa = PBXBuildFile; fileRef = BA8107C120CA13FF004B26D9 /* Main.storyboard */; };
		BA8107C520CA1402004B26D9 /* Assets.xcassets in Resources */ = {isa = PBXBuildFile; fileRef = BA8107C420CA1402004B26D9 /* Assets.xcassets */; };
		BA8107C820CA1402004B26D9 /* LaunchScreen.storyboard in Resources */ = {isa = PBXBuildFile; fileRef = BA8107C620CA1402004B26D9 /* LaunchScreen.storyboard */; };
		BA8107D320CA1402004B26D9 /* LYCNewsTests.swift in Sources */ = {isa = PBXBuildFile; fileRef = BA8107D220CA1402004B26D9 /* LYCNewsTests.swift */; };
		BA8107DE20CA1402004B26D9 /* LYCNewsUITests.swift in Sources */ = {isa = PBXBuildFile; fileRef = BA8107DD20CA1402004B26D9 /* LYCNewsUITests.swift */; };
		BA8107F120CA153B004B26D9 /* LYDefines.swift in Sources */ = {isa = PBXBuildFile; fileRef = BA8107F020CA153B004B26D9 /* LYDefines.swift */; };
		BA8107F820CA1577004B26D9 /* LYBaseViewController.swift in Sources */ = {isa = PBXBuildFile; fileRef = BA8107F720CA1577004B26D9 /* LYBaseViewController.swift */; };
		BA8107FA20CA1591004B26D9 /* LYBaseTableView.swift in Sources */ = {isa = PBXBuildFile; fileRef = BA8107F920CA1591004B26D9 /* LYBaseTableView.swift */; };
		BA8107FC20CA15BE004B26D9 /* HomeViewController.swift in Sources */ = {isa = PBXBuildFile; fileRef = BA8107FB20CA15BE004B26D9 /* HomeViewController.swift */; };
		BA8107FE20CA15C8004B26D9 /* EventViewController.swift in Sources */ = {isa = PBXBuildFile; fileRef = BA8107FD20CA15C8004B26D9 /* EventViewController.swift */; };
		BA81080020CA15D5004B26D9 /* ProfileViewController.swift in Sources */ = {isa = PBXBuildFile; fileRef = BA8107FF20CA15D5004B26D9 /* ProfileViewController.swift */; };
		BA81080220CA15F7004B26D9 /* LYLocalDataManager.swift in Sources */ = {isa = PBXBuildFile; fileRef = BA81080120CA15F7004B26D9 /* LYLocalDataManager.swift */; };
		BA81080620CA162F004B26D9 /* LYBaseResponse.swift in Sources */ = {isa = PBXBuildFile; fileRef = BA81080520CA162F004B26D9 /* LYBaseResponse.swift */; };
		BA81080820CA1C82004B26D9 /* LYConnectionManager.swift in Sources */ = {isa = PBXBuildFile; fileRef = BA81080720CA1C82004B26D9 /* LYConnectionManager.swift */; };
		D9282270AD6C2BBF833AF410 /* Pods_LYCNewsUITests.framework in Frameworks */ = {isa = PBXBuildFile; fileRef = BC84F850ACA142B1866E82B3 /* Pods_LYCNewsUITests.framework */; };
/* End PBXBuildFile section */

/* Begin PBXContainerItemProxy section */
		BA8107CF20CA1402004B26D9 /* PBXContainerItemProxy */ = {
			isa = PBXContainerItemProxy;
			containerPortal = BA8107B020CA13FF004B26D9 /* Project object */;
			proxyType = 1;
			remoteGlobalIDString = BA8107B720CA13FF004B26D9;
			remoteInfo = LYCNews;
		};
		BA8107DA20CA1402004B26D9 /* PBXContainerItemProxy */ = {
			isa = PBXContainerItemProxy;
			containerPortal = BA8107B020CA13FF004B26D9 /* Project object */;
			proxyType = 1;
			remoteGlobalIDString = BA8107B720CA13FF004B26D9;
			remoteInfo = LYCNews;
		};
/* End PBXContainerItemProxy section */

/* Begin PBXFileReference section */
		15878378D32B017AF92906BD /* Pods-LYCNews.release.xcconfig */ = {isa = PBXFileReference; includeInIndex = 1; lastKnownFileType = text.xcconfig; name = "Pods-LYCNews.release.xcconfig"; path = "Pods/Target Support Files/Pods-LYCNews/Pods-LYCNews.release.xcconfig"; sourceTree = "<group>"; };
		52656DC320CA24B700A3B840 /* LYBaseNavigationController.swift */ = {isa = PBXFileReference; lastKnownFileType = sourcecode.swift; path = LYBaseNavigationController.swift; sourceTree = "<group>"; };
		52656DC720CA267C00A3B840 /* HomeStoryboard.storyboard */ = {isa = PBXFileReference; lastKnownFileType = file.storyboard; path = HomeStoryboard.storyboard; sourceTree = "<group>"; };
		52656DC920CA26A300A3B840 /* HomeNavigationController.swift */ = {isa = PBXFileReference; lastKnownFileType = sourcecode.swift; path = HomeNavigationController.swift; sourceTree = "<group>"; };
		52656DCB20CA27EF00A3B840 /* EventNavigationViewController.swift */ = {isa = PBXFileReference; lastKnownFileType = sourcecode.swift; path = EventNavigationViewController.swift; sourceTree = "<group>"; };
		52656DCD20CA27F900A3B840 /* EventStoryboard.storyboard */ = {isa = PBXFileReference; lastKnownFileType = file.storyboard; path = EventStoryboard.storyboard; sourceTree = "<group>"; };
		52656DCF20CA284A00A3B840 /* ProfileNavigationController.swift */ = {isa = PBXFileReference; lastKnownFileType = sourcecode.swift; path = ProfileNavigationController.swift; sourceTree = "<group>"; };
		52656DD120CA285800A3B840 /* ProfileStoryboard.storyboard */ = {isa = PBXFileReference; lastKnownFileType = file.storyboard; path = ProfileStoryboard.storyboard; sourceTree = "<group>"; };
		52656DD320CA461900A3B840 /* LYBaseCollectionView.swift */ = {isa = PBXFileReference; lastKnownFileType = sourcecode.swift; path = LYBaseCollectionView.swift; sourceTree = "<group>"; };
		52656DD620CA469600A3B840 /* DZMSegmentedControl.swift */ = {isa = PBXFileReference; fileEncoding = 4; lastKnownFileType = sourcecode.swift; path = DZMSegmentedControl.swift; sourceTree = "<group>"; };
		52656DD920CA479900A3B840 /* HomeCollectionView.swift */ = {isa = PBXFileReference; lastKnownFileType = sourcecode.swift; path = HomeCollectionView.swift; sourceTree = "<group>"; };
		52656DDC20CA505600A3B840 /* HomeViewModel.swift */ = {isa = PBXFileReference; lastKnownFileType = sourcecode.swift; path = HomeViewModel.swift; sourceTree = "<group>"; };
		52656DE820CA564F00A3B840 /* LYBaseViewModel.swift */ = {isa = PBXFileReference; lastKnownFileType = sourcecode.swift; path = LYBaseViewModel.swift; sourceTree = "<group>"; };
		52656DEB20CA5A5A00A3B840 /* HomeNewsModel.swift */ = {isa = PBXFileReference; lastKnownFileType = sourcecode.swift; path = HomeNewsModel.swift; sourceTree = "<group>"; };
		52656DED20CA6A6600A3B840 /* LYRequest.swift */ = {isa = PBXFileReference; lastKnownFileType = sourcecode.swift; path = LYRequest.swift; sourceTree = "<group>"; };
		52656DEF20CA751E00A3B840 /* HomeCollectionViewCell.swift */ = {isa = PBXFileReference; lastKnownFileType = sourcecode.swift; path = HomeCollectionViewCell.swift; sourceTree = "<group>"; };
		52656DF120CA78FA00A3B840 /* HomeTableView.swift */ = {isa = PBXFileReference; lastKnownFileType = sourcecode.swift; path = HomeTableView.swift; sourceTree = "<group>"; };
		52656DF320CA791300A3B840 /* HomeTableViewCell.swift */ = {isa = PBXFileReference; lastKnownFileType = sourcecode.swift; path = HomeTableViewCell.swift; sourceTree = "<group>"; };
		5962F08DD0107D816CDAF010 /* Pods_LYCNewsTests.framework */ = {isa = PBXFileReference; explicitFileType = wrapper.framework; includeInIndex = 0; path = Pods_LYCNewsTests.framework; sourceTree = BUILT_PRODUCTS_DIR; };
		5C391C6ECE703667A9A569A1 /* Pods-LYCNewsTests.release.xcconfig */ = {isa = PBXFileReference; includeInIndex = 1; lastKnownFileType = text.xcconfig; name = "Pods-LYCNewsTests.release.xcconfig"; path = "Pods/Target Support Files/Pods-LYCNewsTests/Pods-LYCNewsTests.release.xcconfig"; sourceTree = "<group>"; };
		7FA6B232BFB34EB243E3533E /* Pods-LYCNewsUITests.debug.xcconfig */ = {isa = PBXFileReference; includeInIndex = 1; lastKnownFileType = text.xcconfig; name = "Pods-LYCNewsUITests.debug.xcconfig"; path = "Pods/Target Support Files/Pods-LYCNewsUITests/Pods-LYCNewsUITests.debug.xcconfig"; sourceTree = "<group>"; };
		9EB1E03C008D8CAE62DF8083 /* Pods_LYCNews.framework */ = {isa = PBXFileReference; explicitFileType = wrapper.framework; includeInIndex = 0; path = Pods_LYCNews.framework; sourceTree = BUILT_PRODUCTS_DIR; };
		B7E8C1A5B97658F566FE023F /* Pods-LYCNewsUITests.release.xcconfig */ = {isa = PBXFileReference; includeInIndex = 1; lastKnownFileType = text.xcconfig; name = "Pods-LYCNewsUITests.release.xcconfig"; path = "Pods/Target Support Files/Pods-LYCNewsUITests/Pods-LYCNewsUITests.release.xcconfig"; sourceTree = "<group>"; };
		BA8107B820CA13FF004B26D9 /* LYCNews.app */ = {isa = PBXFileReference; explicitFileType = wrapper.application; includeInIndex = 0; path = LYCNews.app; sourceTree = BUILT_PRODUCTS_DIR; };
		BA8107BB20CA13FF004B26D9 /* AppDelegate.swift */ = {isa = PBXFileReference; lastKnownFileType = sourcecode.swift; path = AppDelegate.swift; sourceTree = "<group>"; };
		BA8107C220CA13FF004B26D9 /* Base */ = {isa = PBXFileReference; lastKnownFileType = file.storyboard; name = Base; path = Base.lproj/Main.storyboard; sourceTree = "<group>"; };
		BA8107C420CA1402004B26D9 /* Assets.xcassets */ = {isa = PBXFileReference; lastKnownFileType = folder.assetcatalog; path = Assets.xcassets; sourceTree = "<group>"; };
		BA8107C720CA1402004B26D9 /* Base */ = {isa = PBXFileReference; lastKnownFileType = file.storyboard; name = Base; path = Base.lproj/LaunchScreen.storyboard; sourceTree = "<group>"; };
		BA8107C920CA1402004B26D9 /* Info.plist */ = {isa = PBXFileReference; lastKnownFileType = text.plist.xml; path = Info.plist; sourceTree = "<group>"; };
		BA8107CE20CA1402004B26D9 /* LYCNewsTests.xctest */ = {isa = PBXFileReference; explicitFileType = wrapper.cfbundle; includeInIndex = 0; path = LYCNewsTests.xctest; sourceTree = BUILT_PRODUCTS_DIR; };
		BA8107D220CA1402004B26D9 /* LYCNewsTests.swift */ = {isa = PBXFileReference; lastKnownFileType = sourcecode.swift; path = LYCNewsTests.swift; sourceTree = "<group>"; };
		BA8107D420CA1402004B26D9 /* Info.plist */ = {isa = PBXFileReference; lastKnownFileType = text.plist.xml; path = Info.plist; sourceTree = "<group>"; };
		BA8107D920CA1402004B26D9 /* LYCNewsUITests.xctest */ = {isa = PBXFileReference; explicitFileType = wrapper.cfbundle; includeInIndex = 0; path = LYCNewsUITests.xctest; sourceTree = BUILT_PRODUCTS_DIR; };
		BA8107DD20CA1402004B26D9 /* LYCNewsUITests.swift */ = {isa = PBXFileReference; lastKnownFileType = sourcecode.swift; path = LYCNewsUITests.swift; sourceTree = "<group>"; };
		BA8107DF20CA1402004B26D9 /* Info.plist */ = {isa = PBXFileReference; lastKnownFileType = text.plist.xml; path = Info.plist; sourceTree = "<group>"; };
		BA8107F020CA153B004B26D9 /* LYDefines.swift */ = {isa = PBXFileReference; lastKnownFileType = sourcecode.swift; path = LYDefines.swift; sourceTree = "<group>"; };
		BA8107F720CA1577004B26D9 /* LYBaseViewController.swift */ = {isa = PBXFileReference; lastKnownFileType = sourcecode.swift; path = LYBaseViewController.swift; sourceTree = "<group>"; };
		BA8107F920CA1591004B26D9 /* LYBaseTableView.swift */ = {isa = PBXFileReference; lastKnownFileType = sourcecode.swift; path = LYBaseTableView.swift; sourceTree = "<group>"; };
		BA8107FB20CA15BE004B26D9 /* HomeViewController.swift */ = {isa = PBXFileReference; lastKnownFileType = sourcecode.swift; path = HomeViewController.swift; sourceTree = "<group>"; };
		BA8107FD20CA15C8004B26D9 /* EventViewController.swift */ = {isa = PBXFileReference; lastKnownFileType = sourcecode.swift; path = EventViewController.swift; sourceTree = "<group>"; };
		BA8107FF20CA15D5004B26D9 /* ProfileViewController.swift */ = {isa = PBXFileReference; lastKnownFileType = sourcecode.swift; path = ProfileViewController.swift; sourceTree = "<group>"; };
		BA81080120CA15F7004B26D9 /* LYLocalDataManager.swift */ = {isa = PBXFileReference; lastKnownFileType = sourcecode.swift; path = LYLocalDataManager.swift; sourceTree = "<group>"; };
		BA81080520CA162F004B26D9 /* LYBaseResponse.swift */ = {isa = PBXFileReference; lastKnownFileType = sourcecode.swift; path = LYBaseResponse.swift; sourceTree = "<group>"; };
		BA81080720CA1C82004B26D9 /* LYConnectionManager.swift */ = {isa = PBXFileReference; lastKnownFileType = sourcecode.swift; path = LYConnectionManager.swift; sourceTree = "<group>"; };
		BC84F850ACA142B1866E82B3 /* Pods_LYCNewsUITests.framework */ = {isa = PBXFileReference; explicitFileType = wrapper.framework; includeInIndex = 0; path = Pods_LYCNewsUITests.framework; sourceTree = BUILT_PRODUCTS_DIR; };
		C45BD1E8BAA020A510D0CA81 /* Pods-LYCNewsTests.debug.xcconfig */ = {isa = PBXFileReference; includeInIndex = 1; lastKnownFileType = text.xcconfig; name = "Pods-LYCNewsTests.debug.xcconfig"; path = "Pods/Target Support Files/Pods-LYCNewsTests/Pods-LYCNewsTests.debug.xcconfig"; sourceTree = "<group>"; };
		D9B8EFE0FC89EDE20F38FF62 /* Pods-LYCNews.debug.xcconfig */ = {isa = PBXFileReference; includeInIndex = 1; lastKnownFileType = text.xcconfig; name = "Pods-LYCNews.debug.xcconfig"; path = "Pods/Target Support Files/Pods-LYCNews/Pods-LYCNews.debug.xcconfig"; sourceTree = "<group>"; };
/* End PBXFileReference section */

/* Begin PBXFrameworksBuildPhase section */
		BA8107B520CA13FF004B26D9 /* Frameworks */ = {
			isa = PBXFrameworksBuildPhase;
			buildActionMask = 2147483647;
			files = (
				83F492CF18E95C60BC0CBB91 /* Pods_LYCNews.framework in Frameworks */,
			);
			runOnlyForDeploymentPostprocessing = 0;
		};
		BA8107CB20CA1402004B26D9 /* Frameworks */ = {
			isa = PBXFrameworksBuildPhase;
			buildActionMask = 2147483647;
			files = (
				2743C05FE3B3C18903ACC92B /* Pods_LYCNewsTests.framework in Frameworks */,
			);
			runOnlyForDeploymentPostprocessing = 0;
		};
		BA8107D620CA1402004B26D9 /* Frameworks */ = {
			isa = PBXFrameworksBuildPhase;
			buildActionMask = 2147483647;
			files = (
				D9282270AD6C2BBF833AF410 /* Pods_LYCNewsUITests.framework in Frameworks */,
			);
			runOnlyForDeploymentPostprocessing = 0;
		};
/* End PBXFrameworksBuildPhase section */

/* Begin PBXGroup section */
		52656DD520CA468100A3B840 /* Third Libs */ = {
			isa = PBXGroup;
			children = (
				52656DD620CA469600A3B840 /* DZMSegmentedControl.swift */,
			);
			path = "Third Libs";
			sourceTree = "<group>";
		};
		52656DD820CA477E00A3B840 /* View */ = {
			isa = PBXGroup;
			children = (
				52656DD920CA479900A3B840 /* HomeCollectionView.swift */,
				52656DEF20CA751E00A3B840 /* HomeCollectionViewCell.swift */,
				52656DF120CA78FA00A3B840 /* HomeTableView.swift */,
				52656DF320CA791300A3B840 /* HomeTableViewCell.swift */,
			);
			path = View;
			sourceTree = "<group>";
		};
		52656DDB20CA4E2B00A3B840 /* ViewModel */ = {
			isa = PBXGroup;
			children = (
				52656DDC20CA505600A3B840 /* HomeViewModel.swift */,
			);
			path = ViewModel;
			sourceTree = "<group>";
		};
		52656DDE20CA514B00A3B840 /* General */ = {
			isa = PBXGroup;
			children = (
				52656DE720CA562700A3B840 /* ViewModels */,
				52656DE320CA517500A3B840 /* Views */,
				52656DE220CA516F00A3B840 /* Models */,
				52656DE120CA516600A3B840 /* Core */,
				52656DE020CA515E00A3B840 /* Categories */,
				52656DDF20CA515600A3B840 /* Base */,
			);
			path = General;
			sourceTree = "<group>";
		};
		52656DDF20CA515600A3B840 /* Base */ = {
			isa = PBXGroup;
			children = (
				BA8107F720CA1577004B26D9 /* LYBaseViewController.swift */,
				52656DC320CA24B700A3B840 /* LYBaseNavigationController.swift */,
			);
			path = Base;
			sourceTree = "<group>";
		};
		52656DE020CA515E00A3B840 /* Categories */ = {
			isa = PBXGroup;
			children = (
			);
			path = Categories;
			sourceTree = "<group>";
		};
		52656DE120CA516600A3B840 /* Core */ = {
			isa = PBXGroup;
			children = (
			);
			path = Core;
			sourceTree = "<group>";
		};
		52656DE220CA516F00A3B840 /* Models */ = {
			isa = PBXGroup;
			children = (
			);
			path = Models;
			sourceTree = "<group>";
		};
		52656DE320CA517500A3B840 /* Views */ = {
			isa = PBXGroup;
			children = (
				BA8107F920CA1591004B26D9 /* LYBaseTableView.swift */,
				52656DD320CA461900A3B840 /* LYBaseCollectionView.swift */,
			);
			path = Views;
			sourceTree = "<group>";
		};
		52656DE420CA517E00A3B840 /* Helper */ = {
			isa = PBXGroup;
			children = (
			);
			path = Helper;
			sourceTree = "<group>";
		};
		52656DE520CA519000A3B840 /* Macro */ = {
			isa = PBXGroup;
			children = (
				BA8107F020CA153B004B26D9 /* LYDefines.swift */,
			);
			path = Macro;
			sourceTree = "<group>";
		};
		52656DE620CA519B00A3B840 /* Resource */ = {
			isa = PBXGroup;
			children = (
			);
			path = Resource;
			sourceTree = "<group>";
		};
		52656DE720CA562700A3B840 /* ViewModels */ = {
			isa = PBXGroup;
			children = (
				52656DE820CA564F00A3B840 /* LYBaseViewModel.swift */,
			);
			path = ViewModels;
			sourceTree = "<group>";
		};
		52656DEA20CA5A3000A3B840 /* Model */ = {
			isa = PBXGroup;
			children = (
				52656DEB20CA5A5A00A3B840 /* HomeNewsModel.swift */,
			);
			path = Model;
			sourceTree = "<group>";
		};
		69B218ED2BCEE8A52407E9B9 /* Frameworks */ = {
			isa = PBXGroup;
			children = (
				9EB1E03C008D8CAE62DF8083 /* Pods_LYCNews.framework */,
				5962F08DD0107D816CDAF010 /* Pods_LYCNewsTests.framework */,
				BC84F850ACA142B1866E82B3 /* Pods_LYCNewsUITests.framework */,
			);
			name = Frameworks;
			sourceTree = "<group>";
		};
		8B96DE6362B2CF843CE69AEE /* Pods */ = {
			isa = PBXGroup;
			children = (
				D9B8EFE0FC89EDE20F38FF62 /* Pods-LYCNews.debug.xcconfig */,
				15878378D32B017AF92906BD /* Pods-LYCNews.release.xcconfig */,
				C45BD1E8BAA020A510D0CA81 /* Pods-LYCNewsTests.debug.xcconfig */,
				5C391C6ECE703667A9A569A1 /* Pods-LYCNewsTests.release.xcconfig */,
				7FA6B232BFB34EB243E3533E /* Pods-LYCNewsUITests.debug.xcconfig */,
				B7E8C1A5B97658F566FE023F /* Pods-LYCNewsUITests.release.xcconfig */,
			);
			name = Pods;
			sourceTree = "<group>";
		};
		BA8107AF20CA13FF004B26D9 = {
			isa = PBXGroup;
			children = (
				BA8107BA20CA13FF004B26D9 /* LYCNews */,
				BA8107D120CA1402004B26D9 /* LYCNewsTests */,
				BA8107DC20CA1402004B26D9 /* LYCNewsUITests */,
				BA8107B920CA13FF004B26D9 /* Products */,
				8B96DE6362B2CF843CE69AEE /* Pods */,
				69B218ED2BCEE8A52407E9B9 /* Frameworks */,
			);
			sourceTree = "<group>";
		};
		BA8107B920CA13FF004B26D9 /* Products */ = {
			isa = PBXGroup;
			children = (
				BA8107B820CA13FF004B26D9 /* LYCNews.app */,
				BA8107CE20CA1402004B26D9 /* LYCNewsTests.xctest */,
				BA8107D920CA1402004B26D9 /* LYCNewsUITests.xctest */,
			);
			name = Products;
			sourceTree = "<group>";
		};
		BA8107BA20CA13FF004B26D9 /* LYCNews */ = {
			isa = PBXGroup;
			children = (
				BA8107EB20CA14C1004B26D9 /* Classes */,
				BA8107C420CA1402004B26D9 /* Assets.xcassets */,
				BA8107C620CA1402004B26D9 /* LaunchScreen.storyboard */,
				BA8107C920CA1402004B26D9 /* Info.plist */,
			);
			path = LYCNews;
			sourceTree = "<group>";
		};
		BA8107D120CA1402004B26D9 /* LYCNewsTests */ = {
			isa = PBXGroup;
			children = (
				BA8107D220CA1402004B26D9 /* LYCNewsTests.swift */,
				BA8107D420CA1402004B26D9 /* Info.plist */,
			);
			path = LYCNewsTests;
			sourceTree = "<group>";
		};
		BA8107DC20CA1402004B26D9 /* LYCNewsUITests */ = {
			isa = PBXGroup;
			children = (
				BA8107DD20CA1402004B26D9 /* LYCNewsUITests.swift */,
				BA8107DF20CA1402004B26D9 /* Info.plist */,
			);
			path = LYCNewsUITests;
			sourceTree = "<group>";
		};
		BA8107EB20CA14C1004B26D9 /* Classes */ = {
			isa = PBXGroup;
			children = (
				52656DE620CA519B00A3B840 /* Resource */,
				52656DE520CA519000A3B840 /* Macro */,
				52656DE420CA517E00A3B840 /* Helper */,
				52656DDE20CA514B00A3B840 /* General */,
				52656DD520CA468100A3B840 /* Third Libs */,
				BA8107EF20CA150A004B26D9 /* Networks */,
				BA8107EE20CA1501004B26D9 /* Managers */,
				BA8107ED20CA14F7004B26D9 /* Views */,
			);
			path = Classes;
			sourceTree = "<group>";
		};
		BA8107ED20CA14F7004B26D9 /* Views */ = {
			isa = PBXGroup;
			children = (
				BA8107F620CA155F004B26D9 /* Profile */,
				BA8107F520CA155A004B26D9 /* Event */,
				BA8107F420CA1554004B26D9 /* Home */,
				BA8107F320CA154F004B26D9 /* Root */,
			);
			path = Views;
			sourceTree = "<group>";
		};
		BA8107EE20CA1501004B26D9 /* Managers */ = {
			isa = PBXGroup;
			children = (
				BA81080120CA15F7004B26D9 /* LYLocalDataManager.swift */,
				BA81080720CA1C82004B26D9 /* LYConnectionManager.swift */,
			);
			path = Managers;
			sourceTree = "<group>";
		};
		BA8107EF20CA150A004B26D9 /* Networks */ = {
			isa = PBXGroup;
			children = (
				52656DED20CA6A6600A3B840 /* LYRequest.swift */,
				BA81080520CA162F004B26D9 /* LYBaseResponse.swift */,
			);
			path = Networks;
			sourceTree = "<group>";
		};
		BA8107F320CA154F004B26D9 /* Root */ = {
			isa = PBXGroup;
			children = (
				BA8107BB20CA13FF004B26D9 /* AppDelegate.swift */,
				BA8107C120CA13FF004B26D9 /* Main.storyboard */,
			);
			path = Root;
			sourceTree = "<group>";
		};
		BA8107F420CA1554004B26D9 /* Home */ = {
			isa = PBXGroup;
			children = (
				BA8107FB20CA15BE004B26D9 /* HomeViewController.swift */,
				52656DC920CA26A300A3B840 /* HomeNavigationController.swift */,
				52656DC720CA267C00A3B840 /* HomeStoryboard.storyboard */,
				52656DEA20CA5A3000A3B840 /* Model */,
				52656DDB20CA4E2B00A3B840 /* ViewModel */,
				52656DD820CA477E00A3B840 /* View */,
			);
			path = Home;
			sourceTree = "<group>";
		};
		BA8107F520CA155A004B26D9 /* Event */ = {
			isa = PBXGroup;
			children = (
				BA8107FD20CA15C8004B26D9 /* EventViewController.swift */,
				52656DCB20CA27EF00A3B840 /* EventNavigationViewController.swift */,
				52656DCD20CA27F900A3B840 /* EventStoryboard.storyboard */,
			);
			path = Event;
			sourceTree = "<group>";
		};
		BA8107F620CA155F004B26D9 /* Profile */ = {
			isa = PBXGroup;
			children = (
				BA8107FF20CA15D5004B26D9 /* ProfileViewController.swift */,
				52656DCF20CA284A00A3B840 /* ProfileNavigationController.swift */,
				52656DD120CA285800A3B840 /* ProfileStoryboard.storyboard */,
			);
			path = Profile;
			sourceTree = "<group>";
		};
/* End PBXGroup section */

/* Begin PBXNativeTarget section */
		BA8107B720CA13FF004B26D9 /* LYCNews */ = {
			isa = PBXNativeTarget;
			buildConfigurationList = BA8107E220CA1402004B26D9 /* Build configuration list for PBXNativeTarget "LYCNews" */;
			buildPhases = (
				55274B6A5C914618E84B0ED6 /* [CP] Check Pods Manifest.lock */,
				BA8107B420CA13FF004B26D9 /* Sources */,
				BA8107B520CA13FF004B26D9 /* Frameworks */,
				BA8107B620CA13FF004B26D9 /* Resources */,
				F04A1213E65130F7D012E35E /* [CP] Embed Pods Frameworks */,
				18B1AD0B9099B9BD284F6DC3 /* [CP] Copy Pods Resources */,
			);
			buildRules = (
			);
			dependencies = (
			);
			name = LYCNews;
			productName = LYCNews;
			productReference = BA8107B820CA13FF004B26D9 /* LYCNews.app */;
			productType = "com.apple.product-type.application";
		};
		BA8107CD20CA1402004B26D9 /* LYCNewsTests */ = {
			isa = PBXNativeTarget;
			buildConfigurationList = BA8107E520CA1402004B26D9 /* Build configuration list for PBXNativeTarget "LYCNewsTests" */;
			buildPhases = (
				83455AB70F2964919AEA78EA /* [CP] Check Pods Manifest.lock */,
				BA8107CA20CA1402004B26D9 /* Sources */,
				BA8107CB20CA1402004B26D9 /* Frameworks */,
				BA8107CC20CA1402004B26D9 /* Resources */,
				67C15CF5413A45A102FBFEB3 /* [CP] Embed Pods Frameworks */,
				FD5136B3661F88D8E28CEBAF /* [CP] Copy Pods Resources */,
			);
			buildRules = (
			);
			dependencies = (
				BA8107D020CA1402004B26D9 /* PBXTargetDependency */,
			);
			name = LYCNewsTests;
			productName = LYCNewsTests;
			productReference = BA8107CE20CA1402004B26D9 /* LYCNewsTests.xctest */;
			productType = "com.apple.product-type.bundle.unit-test";
		};
		BA8107D820CA1402004B26D9 /* LYCNewsUITests */ = {
			isa = PBXNativeTarget;
			buildConfigurationList = BA8107E820CA1402004B26D9 /* Build configuration list for PBXNativeTarget "LYCNewsUITests" */;
			buildPhases = (
				9662873478138D5EBBAB67B2 /* [CP] Check Pods Manifest.lock */,
				BA8107D520CA1402004B26D9 /* Sources */,
				BA8107D620CA1402004B26D9 /* Frameworks */,
				BA8107D720CA1402004B26D9 /* Resources */,
				2ADEF263FBEA44BED2473593 /* [CP] Embed Pods Frameworks */,
				8BA1BECDB4180941E206B28D /* [CP] Copy Pods Resources */,
			);
			buildRules = (
			);
			dependencies = (
				BA8107DB20CA1402004B26D9 /* PBXTargetDependency */,
			);
			name = LYCNewsUITests;
			productName = LYCNewsUITests;
			productReference = BA8107D920CA1402004B26D9 /* LYCNewsUITests.xctest */;
			productType = "com.apple.product-type.bundle.ui-testing";
		};
/* End PBXNativeTarget section */

/* Begin PBXProject section */
		BA8107B020CA13FF004B26D9 /* Project object */ = {
			isa = PBXProject;
			attributes = {
				LastSwiftUpdateCheck = 0930;
				LastUpgradeCheck = 0930;
				ORGANIZATIONNAME = iStack;
				TargetAttributes = {
					BA8107B720CA13FF004B26D9 = {
						CreatedOnToolsVersion = 9.3.1;
					};
					BA8107CD20CA1402004B26D9 = {
						CreatedOnToolsVersion = 9.3.1;
						TestTargetID = BA8107B720CA13FF004B26D9;
					};
					BA8107D820CA1402004B26D9 = {
						CreatedOnToolsVersion = 9.3.1;
						TestTargetID = BA8107B720CA13FF004B26D9;
					};
				};
			};
			buildConfigurationList = BA8107B320CA13FF004B26D9 /* Build configuration list for PBXProject "LYCNews" */;
			compatibilityVersion = "Xcode 9.3";
			developmentRegion = en;
			hasScannedForEncodings = 0;
			knownRegions = (
				en,
				Base,
			);
			mainGroup = BA8107AF20CA13FF004B26D9;
			productRefGroup = BA8107B920CA13FF004B26D9 /* Products */;
			projectDirPath = "";
			projectRoot = "";
			targets = (
				BA8107B720CA13FF004B26D9 /* LYCNews */,
				BA8107CD20CA1402004B26D9 /* LYCNewsTests */,
				BA8107D820CA1402004B26D9 /* LYCNewsUITests */,
			);
		};
/* End PBXProject section */

/* Begin PBXResourcesBuildPhase section */
		BA8107B620CA13FF004B26D9 /* Resources */ = {
			isa = PBXResourcesBuildPhase;
			buildActionMask = 2147483647;
			files = (
				BA8107C820CA1402004B26D9 /* LaunchScreen.storyboard in Resources */,
				52656DCE20CA27F900A3B840 /* EventStoryboard.storyboard in Resources */,
				BA8107C520CA1402004B26D9 /* Assets.xcassets in Resources */,
				52656DD220CA285800A3B840 /* ProfileStoryboard.storyboard in Resources */,
				52656DC820CA267C00A3B840 /* HomeStoryboard.storyboard in Resources */,
				BA8107C320CA13FF004B26D9 /* Main.storyboard in Resources */,
			);
			runOnlyForDeploymentPostprocessing = 0;
		};
		BA8107CC20CA1402004B26D9 /* Resources */ = {
			isa = PBXResourcesBuildPhase;
			buildActionMask = 2147483647;
			files = (
			);
			runOnlyForDeploymentPostprocessing = 0;
		};
		BA8107D720CA1402004B26D9 /* Resources */ = {
			isa = PBXResourcesBuildPhase;
			buildActionMask = 2147483647;
			files = (
			);
			runOnlyForDeploymentPostprocessing = 0;
		};
/* End PBXResourcesBuildPhase section */

/* Begin PBXShellScriptBuildPhase section */
		18B1AD0B9099B9BD284F6DC3 /* [CP] Copy Pods Resources */ = {
			isa = PBXShellScriptBuildPhase;
			buildActionMask = 2147483647;
			files = (
			);
			inputPaths = (
			);
			name = "[CP] Copy Pods Resources";
			outputPaths = (
			);
			runOnlyForDeploymentPostprocessing = 0;
			shellPath = /bin/sh;
			shellScript = "\"${SRCROOT}/Pods/Target Support Files/Pods-LYCNews/Pods-LYCNews-resources.sh\"\n";
			showEnvVarsInLog = 0;
		};
		2ADEF263FBEA44BED2473593 /* [CP] Embed Pods Frameworks */ = {
			isa = PBXShellScriptBuildPhase;
			buildActionMask = 2147483647;
			files = (
			);
			inputPaths = (
			);
			name = "[CP] Embed Pods Frameworks";
			outputPaths = (
			);
			runOnlyForDeploymentPostprocessing = 0;
			shellPath = /bin/sh;
			shellScript = "\"${SRCROOT}/Pods/Target Support Files/Pods-LYCNewsUITests/Pods-LYCNewsUITests-frameworks.sh\"\n";
			showEnvVarsInLog = 0;
		};
		55274B6A5C914618E84B0ED6 /* [CP] Check Pods Manifest.lock */ = {
			isa = PBXShellScriptBuildPhase;
			buildActionMask = 2147483647;
			files = (
			);
			inputPaths = (
				"${PODS_PODFILE_DIR_PATH}/Podfile.lock",
				"${PODS_ROOT}/Manifest.lock",
			);
			name = "[CP] Check Pods Manifest.lock";
			outputPaths = (
				"$(DERIVED_FILE_DIR)/Pods-LYCNews-checkManifestLockResult.txt",
			);
			runOnlyForDeploymentPostprocessing = 0;
			shellPath = /bin/sh;
			shellScript = "diff \"${PODS_PODFILE_DIR_PATH}/Podfile.lock\" \"${PODS_ROOT}/Manifest.lock\" > /dev/null\nif [ $? != 0 ] ; then\n    # print error to STDERR\n    echo \"error: The sandbox is not in sync with the Podfile.lock. Run 'pod install' or update your CocoaPods installation.\" >&2\n    exit 1\nfi\n# This output is used by Xcode 'outputs' to avoid re-running this script phase.\necho \"SUCCESS\" > \"${SCRIPT_OUTPUT_FILE_0}\"\n";
			showEnvVarsInLog = 0;
		};
		67C15CF5413A45A102FBFEB3 /* [CP] Embed Pods Frameworks */ = {
			isa = PBXShellScriptBuildPhase;
			buildActionMask = 2147483647;
			files = (
			);
			inputPaths = (
			);
			name = "[CP] Embed Pods Frameworks";
			outputPaths = (
			);
			runOnlyForDeploymentPostprocessing = 0;
			shellPath = /bin/sh;
			shellScript = "\"${SRCROOT}/Pods/Target Support Files/Pods-LYCNewsTests/Pods-LYCNewsTests-frameworks.sh\"\n";
			showEnvVarsInLog = 0;
		};
		83455AB70F2964919AEA78EA /* [CP] Check Pods Manifest.lock */ = {
			isa = PBXShellScriptBuildPhase;
			buildActionMask = 2147483647;
			files = (
			);
			inputPaths = (
				"${PODS_PODFILE_DIR_PATH}/Podfile.lock",
				"${PODS_ROOT}/Manifest.lock",
			);
			name = "[CP] Check Pods Manifest.lock";
			outputPaths = (
				"$(DERIVED_FILE_DIR)/Pods-LYCNewsTests-checkManifestLockResult.txt",
			);
			runOnlyForDeploymentPostprocessing = 0;
			shellPath = /bin/sh;
			shellScript = "diff \"${PODS_PODFILE_DIR_PATH}/Podfile.lock\" \"${PODS_ROOT}/Manifest.lock\" > /dev/null\nif [ $? != 0 ] ; then\n    # print error to STDERR\n    echo \"error: The sandbox is not in sync with the Podfile.lock. Run 'pod install' or update your CocoaPods installation.\" >&2\n    exit 1\nfi\n# This output is used by Xcode 'outputs' to avoid re-running this script phase.\necho \"SUCCESS\" > \"${SCRIPT_OUTPUT_FILE_0}\"\n";
			showEnvVarsInLog = 0;
		};
		8BA1BECDB4180941E206B28D /* [CP] Copy Pods Resources */ = {
			isa = PBXShellScriptBuildPhase;
			buildActionMask = 2147483647;
			files = (
			);
			inputPaths = (
			);
			name = "[CP] Copy Pods Resources";
			outputPaths = (
			);
			runOnlyForDeploymentPostprocessing = 0;
			shellPath = /bin/sh;
			shellScript = "\"${SRCROOT}/Pods/Target Support Files/Pods-LYCNewsUITests/Pods-LYCNewsUITests-resources.sh\"\n";
			showEnvVarsInLog = 0;
		};
		9662873478138D5EBBAB67B2 /* [CP] Check Pods Manifest.lock */ = {
			isa = PBXShellScriptBuildPhase;
			buildActionMask = 2147483647;
			files = (
			);
			inputPaths = (
				"${PODS_PODFILE_DIR_PATH}/Podfile.lock",
				"${PODS_ROOT}/Manifest.lock",
			);
			name = "[CP] Check Pods Manifest.lock";
			outputPaths = (
				"$(DERIVED_FILE_DIR)/Pods-LYCNewsUITests-checkManifestLockResult.txt",
			);
			runOnlyForDeploymentPostprocessing = 0;
			shellPath = /bin/sh;
			shellScript = "diff \"${PODS_PODFILE_DIR_PATH}/Podfile.lock\" \"${PODS_ROOT}/Manifest.lock\" > /dev/null\nif [ $? != 0 ] ; then\n    # print error to STDERR\n    echo \"error: The sandbox is not in sync with the Podfile.lock. Run 'pod install' or update your CocoaPods installation.\" >&2\n    exit 1\nfi\n# This output is used by Xcode 'outputs' to avoid re-running this script phase.\necho \"SUCCESS\" > \"${SCRIPT_OUTPUT_FILE_0}\"\n";
			showEnvVarsInLog = 0;
		};
		F04A1213E65130F7D012E35E /* [CP] Embed Pods Frameworks */ = {
			isa = PBXShellScriptBuildPhase;
			buildActionMask = 2147483647;
			files = (
			);
			inputPaths = (
				"${SRCROOT}/Pods/Target Support Files/Pods-LYCNews/Pods-LYCNews-frameworks.sh",
				"${BUILT_PRODUCTS_DIR}/Alamofire/Alamofire.framework",
				"${BUILT_PRODUCTS_DIR}/HandyJSON/HandyJSON.framework",
				"${BUILT_PRODUCTS_DIR}/MBProgressHUD/MBProgressHUD.framework",
				"${BUILT_PRODUCTS_DIR}/MJRefresh/MJRefresh.framework",
				"${BUILT_PRODUCTS_DIR}/Masonry/Masonry.framework",
				"${BUILT_PRODUCTS_DIR}/SDWebImage/SDWebImage.framework",
				"${BUILT_PRODUCTS_DIR}/YYKit/YYKit.framework",
			);
			name = "[CP] Embed Pods Frameworks";
			outputPaths = (
				"${TARGET_BUILD_DIR}/${FRAMEWORKS_FOLDER_PATH}/Alamofire.framework",
				"${TARGET_BUILD_DIR}/${FRAMEWORKS_FOLDER_PATH}/HandyJSON.framework",
				"${TARGET_BUILD_DIR}/${FRAMEWORKS_FOLDER_PATH}/MBProgressHUD.framework",
				"${TARGET_BUILD_DIR}/${FRAMEWORKS_FOLDER_PATH}/MJRefresh.framework",
				"${TARGET_BUILD_DIR}/${FRAMEWORKS_FOLDER_PATH}/Masonry.framework",
				"${TARGET_BUILD_DIR}/${FRAMEWORKS_FOLDER_PATH}/SDWebImage.framework",
				"${TARGET_BUILD_DIR}/${FRAMEWORKS_FOLDER_PATH}/YYKit.framework",
			);
			runOnlyForDeploymentPostprocessing = 0;
			shellPath = /bin/sh;
			shellScript = "\"${SRCROOT}/Pods/Target Support Files/Pods-LYCNews/Pods-LYCNews-frameworks.sh\"\n";
			showEnvVarsInLog = 0;
		};
		FD5136B3661F88D8E28CEBAF /* [CP] Copy Pods Resources */ = {
			isa = PBXShellScriptBuildPhase;
			buildActionMask = 2147483647;
			files = (
			);
			inputPaths = (
			);
			name = "[CP] Copy Pods Resources";
			outputPaths = (
			);
			runOnlyForDeploymentPostprocessing = 0;
			shellPath = /bin/sh;
			shellScript = "\"${SRCROOT}/Pods/Target Support Files/Pods-LYCNewsTests/Pods-LYCNewsTests-resources.sh\"\n";
			showEnvVarsInLog = 0;
		};
/* End PBXShellScriptBuildPhase section */

/* Begin PBXSourcesBuildPhase section */
		BA8107B420CA13FF004B26D9 /* Sources */ = {
			isa = PBXSourcesBuildPhase;
			buildActionMask = 2147483647;
			files = (
				52656DF020CA751E00A3B840 /* HomeCollectionViewCell.swift in Sources */,
				BA8107F820CA1577004B26D9 /* LYBaseViewController.swift in Sources */,
				BA81080820CA1C82004B26D9 /* LYConnectionManager.swift in Sources */,
				52656DC420CA24B700A3B840 /* LYBaseNavigationController.swift in Sources */,
				BA81080620CA162F004B26D9 /* LYBaseResponse.swift in Sources */,
				52656DEE20CA6A6600A3B840 /* LYRequest.swift in Sources */,
				52656DF420CA791300A3B840 /* HomeTableViewCell.swift in Sources */,
				BA8107F120CA153B004B26D9 /* LYDefines.swift in Sources */,
				52656DCC20CA27EF00A3B840 /* EventNavigationViewController.swift in Sources */,
				BA8107FA20CA1591004B26D9 /* LYBaseTableView.swift in Sources */,
				52656DE920CA564F00A3B840 /* LYBaseViewModel.swift in Sources */,
				BA8107BC20CA13FF004B26D9 /* AppDelegate.swift in Sources */,
				BA8107FE20CA15C8004B26D9 /* EventViewController.swift in Sources */,
				52656DCA20CA26A300A3B840 /* HomeNavigationController.swift in Sources */,
				BA81080020CA15D5004B26D9 /* ProfileViewController.swift in Sources */,
				BA8107FC20CA15BE004B26D9 /* HomeViewController.swift in Sources */,
				52656DEC20CA5A5A00A3B840 /* HomeNewsModel.swift in Sources */,
				BA81080220CA15F7004B26D9 /* LYLocalDataManager.swift in Sources */,
				52656DDD20CA505600A3B840 /* HomeViewModel.swift in Sources */,
				52656DD420CA461900A3B840 /* LYBaseCollectionView.swift in Sources */,
				52656DD020CA284A00A3B840 /* ProfileNavigationController.swift in Sources */,
				52656DF220CA78FA00A3B840 /* HomeTableView.swift in Sources */,
				52656DD720CA469600A3B840 /* DZMSegmentedControl.swift in Sources */,
				52656DDA20CA479900A3B840 /* HomeCollectionView.swift in Sources */,
			);
			runOnlyForDeploymentPostprocessing = 0;
		};
		BA8107CA20CA1402004B26D9 /* Sources */ = {
			isa = PBXSourcesBuildPhase;
			buildActionMask = 2147483647;
			files = (
				BA8107D320CA1402004B26D9 /* LYCNewsTests.swift in Sources */,
			);
			runOnlyForDeploymentPostprocessing = 0;
		};
		BA8107D520CA1402004B26D9 /* Sources */ = {
			isa = PBXSourcesBuildPhase;
			buildActionMask = 2147483647;
			files = (
				BA8107DE20CA1402004B26D9 /* LYCNewsUITests.swift in Sources */,
			);
			runOnlyForDeploymentPostprocessing = 0;
		};
/* End PBXSourcesBuildPhase section */

/* Begin PBXTargetDependency section */
		BA8107D020CA1402004B26D9 /* PBXTargetDependency */ = {
			isa = PBXTargetDependency;
			target = BA8107B720CA13FF004B26D9 /* LYCNews */;
			targetProxy = BA8107CF20CA1402004B26D9 /* PBXContainerItemProxy */;
		};
		BA8107DB20CA1402004B26D9 /* PBXTargetDependency */ = {
			isa = PBXTargetDependency;
			target = BA8107B720CA13FF004B26D9 /* LYCNews */;
			targetProxy = BA8107DA20CA1402004B26D9 /* PBXContainerItemProxy */;
		};
/* End PBXTargetDependency section */

/* Begin PBXVariantGroup section */
		BA8107C120CA13FF004B26D9 /* Main.storyboard */ = {
			isa = PBXVariantGroup;
			children = (
				BA8107C220CA13FF004B26D9 /* Base */,
			);
			name = Main.storyboard;
			sourceTree = "<group>";
		};
		BA8107C620CA1402004B26D9 /* LaunchScreen.storyboard */ = {
			isa = PBXVariantGroup;
			children = (
				BA8107C720CA1402004B26D9 /* Base */,
			);
			name = LaunchScreen.storyboard;
			sourceTree = "<group>";
		};
/* End PBXVariantGroup section */

/* Begin XCBuildConfiguration section */
		BA8107E020CA1402004B26D9 /* Debug */ = {
			isa = XCBuildConfiguration;
			buildSettings = {
				ALWAYS_SEARCH_USER_PATHS = NO;
				CLANG_ANALYZER_NONNULL = YES;
				CLANG_ANALYZER_NUMBER_OBJECT_CONVERSION = YES_AGGRESSIVE;
				CLANG_CXX_LANGUAGE_STANDARD = "gnu++14";
				CLANG_CXX_LIBRARY = "libc++";
				CLANG_ENABLE_MODULES = YES;
				CLANG_ENABLE_OBJC_ARC = YES;
				CLANG_ENABLE_OBJC_WEAK = YES;
				CLANG_WARN_BLOCK_CAPTURE_AUTORELEASING = YES;
				CLANG_WARN_BOOL_CONVERSION = YES;
				CLANG_WARN_COMMA = YES;
				CLANG_WARN_CONSTANT_CONVERSION = YES;
				CLANG_WARN_DEPRECATED_OBJC_IMPLEMENTATIONS = YES;
				CLANG_WARN_DIRECT_OBJC_ISA_USAGE = YES_ERROR;
				CLANG_WARN_DOCUMENTATION_COMMENTS = YES;
				CLANG_WARN_EMPTY_BODY = YES;
				CLANG_WARN_ENUM_CONVERSION = YES;
				CLANG_WARN_INFINITE_RECURSION = YES;
				CLANG_WARN_INT_CONVERSION = YES;
				CLANG_WARN_NON_LITERAL_NULL_CONVERSION = YES;
				CLANG_WARN_OBJC_IMPLICIT_RETAIN_SELF = YES;
				CLANG_WARN_OBJC_LITERAL_CONVERSION = YES;
				CLANG_WARN_OBJC_ROOT_CLASS = YES_ERROR;
				CLANG_WARN_RANGE_LOOP_ANALYSIS = YES;
				CLANG_WARN_STRICT_PROTOTYPES = YES;
				CLANG_WARN_SUSPICIOUS_MOVE = YES;
				CLANG_WARN_UNGUARDED_AVAILABILITY = YES_AGGRESSIVE;
				CLANG_WARN_UNREACHABLE_CODE = YES;
				CLANG_WARN__DUPLICATE_METHOD_MATCH = YES;
				CODE_SIGN_IDENTITY = "iPhone Developer";
				COPY_PHASE_STRIP = NO;
				DEBUG_INFORMATION_FORMAT = dwarf;
				ENABLE_STRICT_OBJC_MSGSEND = YES;
				ENABLE_TESTABILITY = YES;
				GCC_C_LANGUAGE_STANDARD = gnu11;
				GCC_DYNAMIC_NO_PIC = NO;
				GCC_NO_COMMON_BLOCKS = YES;
				GCC_OPTIMIZATION_LEVEL = 0;
				GCC_PREPROCESSOR_DEFINITIONS = (
					"DEBUG=1",
					"$(inherited)",
				);
				GCC_WARN_64_TO_32_BIT_CONVERSION = YES;
				GCC_WARN_ABOUT_RETURN_TYPE = YES_ERROR;
				GCC_WARN_UNDECLARED_SELECTOR = YES;
				GCC_WARN_UNINITIALIZED_AUTOS = YES_AGGRESSIVE;
				GCC_WARN_UNUSED_FUNCTION = YES;
				GCC_WARN_UNUSED_VARIABLE = YES;
				IPHONEOS_DEPLOYMENT_TARGET = 11.3;
				MTL_ENABLE_DEBUG_INFO = YES;
				ONLY_ACTIVE_ARCH = YES;
				SDKROOT = iphoneos;
				SWIFT_ACTIVE_COMPILATION_CONDITIONS = DEBUG;
				SWIFT_OPTIMIZATION_LEVEL = "-Onone";
			};
			name = Debug;
		};
		BA8107E120CA1402004B26D9 /* Release */ = {
			isa = XCBuildConfiguration;
			buildSettings = {
				ALWAYS_SEARCH_USER_PATHS = NO;
				CLANG_ANALYZER_NONNULL = YES;
				CLANG_ANALYZER_NUMBER_OBJECT_CONVERSION = YES_AGGRESSIVE;
				CLANG_CXX_LANGUAGE_STANDARD = "gnu++14";
				CLANG_CXX_LIBRARY = "libc++";
				CLANG_ENABLE_MODULES = YES;
				CLANG_ENABLE_OBJC_ARC = YES;
				CLANG_ENABLE_OBJC_WEAK = YES;
				CLANG_WARN_BLOCK_CAPTURE_AUTORELEASING = YES;
				CLANG_WARN_BOOL_CONVERSION = YES;
				CLANG_WARN_COMMA = YES;
				CLANG_WARN_CONSTANT_CONVERSION = YES;
				CLANG_WARN_DEPRECATED_OBJC_IMPLEMENTATIONS = YES;
				CLANG_WARN_DIRECT_OBJC_ISA_USAGE = YES_ERROR;
				CLANG_WARN_DOCUMENTATION_COMMENTS = YES;
				CLANG_WARN_EMPTY_BODY = YES;
				CLANG_WARN_ENUM_CONVERSION = YES;
				CLANG_WARN_INFINITE_RECURSION = YES;
				CLANG_WARN_INT_CONVERSION = YES;
				CLANG_WARN_NON_LITERAL_NULL_CONVERSION = YES;
				CLANG_WARN_OBJC_IMPLICIT_RETAIN_SELF = YES;
				CLANG_WARN_OBJC_LITERAL_CONVERSION = YES;
				CLANG_WARN_OBJC_ROOT_CLASS = YES_ERROR;
				CLANG_WARN_RANGE_LOOP_ANALYSIS = YES;
				CLANG_WARN_STRICT_PROTOTYPES = YES;
				CLANG_WARN_SUSPICIOUS_MOVE = YES;
				CLANG_WARN_UNGUARDED_AVAILABILITY = YES_AGGRESSIVE;
				CLANG_WARN_UNREACHABLE_CODE = YES;
				CLANG_WARN__DUPLICATE_METHOD_MATCH = YES;
				CODE_SIGN_IDENTITY = "iPhone Developer";
				COPY_PHASE_STRIP = NO;
				DEBUG_INFORMATION_FORMAT = "dwarf-with-dsym";
				ENABLE_NS_ASSERTIONS = NO;
				ENABLE_STRICT_OBJC_MSGSEND = YES;
				GCC_C_LANGUAGE_STANDARD = gnu11;
				GCC_NO_COMMON_BLOCKS = YES;
				GCC_WARN_64_TO_32_BIT_CONVERSION = YES;
				GCC_WARN_ABOUT_RETURN_TYPE = YES_ERROR;
				GCC_WARN_UNDECLARED_SELECTOR = YES;
				GCC_WARN_UNINITIALIZED_AUTOS = YES_AGGRESSIVE;
				GCC_WARN_UNUSED_FUNCTION = YES;
				GCC_WARN_UNUSED_VARIABLE = YES;
				IPHONEOS_DEPLOYMENT_TARGET = 11.3;
				MTL_ENABLE_DEBUG_INFO = NO;
				SDKROOT = iphoneos;
				SWIFT_COMPILATION_MODE = wholemodule;
				SWIFT_OPTIMIZATION_LEVEL = "-O";
				VALIDATE_PRODUCT = YES;
			};
			name = Release;
		};
		BA8107E320CA1402004B26D9 /* Debug */ = {
			isa = XCBuildConfiguration;
			baseConfigurationReference = D9B8EFE0FC89EDE20F38FF62 /* Pods-LYCNews.debug.xcconfig */;
			buildSettings = {
				ASSETCATALOG_COMPILER_APPICON_NAME = AppIcon;
				CODE_SIGN_STYLE = Automatic;
				DEVELOPMENT_TEAM = B35463YMLY;
				INFOPLIST_FILE = LYCNews/Info.plist;
				IPHONEOS_DEPLOYMENT_TARGET = 9.0;
				LD_RUNPATH_SEARCH_PATHS = (
					"$(inherited)",
					"@executable_path/Frameworks",
				);
				PRODUCT_BUNDLE_IDENTIFIER = com.iStack.LYCNews;
				PRODUCT_NAME = "$(TARGET_NAME)";
				SWIFT_VERSION = 4.0;
				TARGETED_DEVICE_FAMILY = "1,2";
			};
			name = Debug;
		};
		BA8107E420CA1402004B26D9 /* Release */ = {
			isa = XCBuildConfiguration;
			baseConfigurationReference = 15878378D32B017AF92906BD /* Pods-LYCNews.release.xcconfig */;
			buildSettings = {
				ASSETCATALOG_COMPILER_APPICON_NAME = AppIcon;
				CODE_SIGN_STYLE = Automatic;
				DEVELOPMENT_TEAM = B35463YMLY;
				INFOPLIST_FILE = LYCNews/Info.plist;
				IPHONEOS_DEPLOYMENT_TARGET = 9.0;
				LD_RUNPATH_SEARCH_PATHS = (
					"$(inherited)",
					"@executable_path/Frameworks",
				);
				PRODUCT_BUNDLE_IDENTIFIER = com.iStack.LYCNews;
				PRODUCT_NAME = "$(TARGET_NAME)";
				SWIFT_VERSION = 4.0;
				TARGETED_DEVICE_FAMILY = "1,2";
			};
			name = Release;
		};
		BA8107E620CA1402004B26D9 /* Debug */ = {
			isa = XCBuildConfiguration;
			baseConfigurationReference = C45BD1E8BAA020A510D0CA81 /* Pods-LYCNewsTests.debug.xcconfig */;
			buildSettings = {
				ALWAYS_EMBED_SWIFT_STANDARD_LIBRARIES = YES;
				BUNDLE_LOADER = "$(TEST_HOST)";
				CODE_SIGN_STYLE = Automatic;
				DEVELOPMENT_TEAM = B35463YMLY;
				INFOPLIST_FILE = LYCNewsTests/Info.plist;
				LD_RUNPATH_SEARCH_PATHS = (
					"$(inherited)",
					"@executable_path/Frameworks",
					"@loader_path/Frameworks",
				);
				PRODUCT_BUNDLE_IDENTIFIER = com.iStack.LYCNewsTests;
				PRODUCT_NAME = "$(TARGET_NAME)";
				SWIFT_VERSION = 4.0;
				TARGETED_DEVICE_FAMILY = "1,2";
				TEST_HOST = "$(BUILT_PRODUCTS_DIR)/LYCNews.app/LYCNews";
			};
			name = Debug;
		};
		BA8107E720CA1402004B26D9 /* Release */ = {
			isa = XCBuildConfiguration;
			baseConfigurationReference = 5C391C6ECE703667A9A569A1 /* Pods-LYCNewsTests.release.xcconfig */;
			buildSettings = {
				ALWAYS_EMBED_SWIFT_STANDARD_LIBRARIES = YES;
				BUNDLE_LOADER = "$(TEST_HOST)";
				CODE_SIGN_STYLE = Automatic;
				DEVELOPMENT_TEAM = B35463YMLY;
				INFOPLIST_FILE = LYCNewsTests/Info.plist;
				LD_RUNPATH_SEARCH_PATHS = (
					"$(inherited)",
					"@executable_path/Frameworks",
					"@loader_path/Frameworks",
				);
				PRODUCT_BUNDLE_IDENTIFIER = com.iStack.LYCNewsTests;
				PRODUCT_NAME = "$(TARGET_NAME)";
				SWIFT_VERSION = 4.0;
				TARGETED_DEVICE_FAMILY = "1,2";
				TEST_HOST = "$(BUILT_PRODUCTS_DIR)/LYCNews.app/LYCNews";
			};
			name = Release;
		};
		BA8107E920CA1402004B26D9 /* Debug */ = {
			isa = XCBuildConfiguration;
			baseConfigurationReference = 7FA6B232BFB34EB243E3533E /* Pods-LYCNewsUITests.debug.xcconfig */;
			buildSettings = {
				ALWAYS_EMBED_SWIFT_STANDARD_LIBRARIES = YES;
				CODE_SIGN_STYLE = Automatic;
				DEVELOPMENT_TEAM = B35463YMLY;
				INFOPLIST_FILE = LYCNewsUITests/Info.plist;
				LD_RUNPATH_SEARCH_PATHS = (
					"$(inherited)",
					"@executable_path/Frameworks",
					"@loader_path/Frameworks",
				);
				PRODUCT_BUNDLE_IDENTIFIER = com.iStack.LYCNewsUITests;
				PRODUCT_NAME = "$(TARGET_NAME)";
				SWIFT_VERSION = 4.0;
				TARGETED_DEVICE_FAMILY = "1,2";
				TEST_TARGET_NAME = LYCNews;
			};
			name = Debug;
		};
		BA8107EA20CA1402004B26D9 /* Release */ = {
			isa = XCBuildConfiguration;
			baseConfigurationReference = B7E8C1A5B97658F566FE023F /* Pods-LYCNewsUITests.release.xcconfig */;
			buildSettings = {
				ALWAYS_EMBED_SWIFT_STANDARD_LIBRARIES = YES;
				CODE_SIGN_STYLE = Automatic;
				DEVELOPMENT_TEAM = B35463YMLY;
				INFOPLIST_FILE = LYCNewsUITests/Info.plist;
				LD_RUNPATH_SEARCH_PATHS = (
					"$(inherited)",
					"@executable_path/Frameworks",
					"@loader_path/Frameworks",
				);
				PRODUCT_BUNDLE_IDENTIFIER = com.iStack.LYCNewsUITests;
				PRODUCT_NAME = "$(TARGET_NAME)";
				SWIFT_VERSION = 4.0;
				TARGETED_DEVICE_FAMILY = "1,2";
				TEST_TARGET_NAME = LYCNews;
			};
			name = Release;
		};
/* End XCBuildConfiguration section */

/* Begin XCConfigurationList section */
		BA8107B320CA13FF004B26D9 /* Build configuration list for PBXProject "LYCNews" */ = {
			isa = XCConfigurationList;
			buildConfigurations = (
				BA8107E020CA1402004B26D9 /* Debug */,
				BA8107E120CA1402004B26D9 /* Release */,
			);
			defaultConfigurationIsVisible = 0;
			defaultConfigurationName = Release;
		};
		BA8107E220CA1402004B26D9 /* Build configuration list for PBXNativeTarget "LYCNews" */ = {
			isa = XCConfigurationList;
			buildConfigurations = (
				BA8107E320CA1402004B26D9 /* Debug */,
				BA8107E420CA1402004B26D9 /* Release */,
			);
			defaultConfigurationIsVisible = 0;
			defaultConfigurationName = Release;
		};
		BA8107E520CA1402004B26D9 /* Build configuration list for PBXNativeTarget "LYCNewsTests" */ = {
			isa = XCConfigurationList;
			buildConfigurations = (
				BA8107E620CA1402004B26D9 /* Debug */,
				BA8107E720CA1402004B26D9 /* Release */,
			);
			defaultConfigurationIsVisible = 0;
			defaultConfigurationName = Release;
		};
		BA8107E820CA1402004B26D9 /* Build configuration list for PBXNativeTarget "LYCNewsUITests" */ = {
			isa = XCConfigurationList;
			buildConfigurations = (
				BA8107E920CA1402004B26D9 /* Debug */,
				BA8107EA20CA1402004B26D9 /* Release */,
			);
			defaultConfigurationIsVisible = 0;
			defaultConfigurationName = Release;
		};
/* End XCConfigurationList section */
	};
	rootObject = BA8107B020CA13FF004B26D9 /* Project object */;
}
